// !$*UTF8*$!
{
	archiveVersion = 1;
	classes = {
	};
	objectVersion = 77;
	objects = {

/* Begin PBXBuildFile section */
		041737CD2D5D8148009425BF /* Alamofire in Frameworks */ = {isa = PBXBuildFile; productRef = 041737CC2D5D8148009425BF /* Alamofire */; };
		041737D22D5D861B009425BF /* SQLite in Frameworks */ = {isa = PBXBuildFile; productRef = 041737D12D5D861B009425BF /* SQLite */; };
		0418D2CB2D5D7F1800654690 /* Alamofire in Frameworks */ = {isa = PBXBuildFile; productRef = 0418D2CA2D5D7F1800654690 /* Alamofire */; };
/* End PBXBuildFile section */

/* Begin PBXContainerItemProxy section */
		047E886D2D0D5F9D001E8F6A /* PBXContainerItemProxy */ = {
			isa = PBXContainerItemProxy;
			containerPortal = 047E88542D0D5F9C001E8F6A /* Project object */;
			proxyType = 1;
			remoteGlobalIDString = 047E885B2D0D5F9C001E8F6A;
			remoteInfo = FresHealth;
		};
		047E88772D0D5F9D001E8F6A /* PBXContainerItemProxy */ = {
			isa = PBXContainerItemProxy;
			containerPortal = 047E88542D0D5F9C001E8F6A /* Project object */;
			proxyType = 1;
			remoteGlobalIDString = 047E885B2D0D5F9C001E8F6A;
			remoteInfo = FresHealth;
		};
/* End PBXContainerItemProxy section */

/* Begin PBXFileReference section */
		047E885C2D0D5F9C001E8F6A /* FresHealth.app */ = {isa = PBXFileReference; explicitFileType = wrapper.application; includeInIndex = 0; path = FresHealth.app; sourceTree = BUILT_PRODUCTS_DIR; };
		047E886C2D0D5F9D001E8F6A /* FresHealthTests.xctest */ = {isa = PBXFileReference; explicitFileType = wrapper.cfbundle; includeInIndex = 0; path = FresHealthTests.xctest; sourceTree = BUILT_PRODUCTS_DIR; };
		047E88762D0D5F9D001E8F6A /* FresHealthUITests.xctest */ = {isa = PBXFileReference; explicitFileType = wrapper.cfbundle; includeInIndex = 0; path = FresHealthUITests.xctest; sourceTree = BUILT_PRODUCTS_DIR; };
/* End PBXFileReference section */

/* Begin PBXFileSystemSynchronizedBuildFileExceptionSet section */
		047E88A32D0D7B0B001E8F6A /* Exceptions for "FresHealth" folder in "FresHealth" target */ = {
			isa = PBXFileSystemSynchronizedBuildFileExceptionSet;
			membershipExceptions = (
				Info.plist,
			);
			target = 047E885B2D0D5F9C001E8F6A /* FresHealth */;
		};
/* End PBXFileSystemSynchronizedBuildFileExceptionSet section */

/* Begin PBXFileSystemSynchronizedRootGroup section */
		047E885E2D0D5F9C001E8F6A /* FresHealth */ = {
			isa = PBXFileSystemSynchronizedRootGroup;
			exceptions = (
				047E88A32D0D7B0B001E8F6A /* Exceptions for "FresHealth" folder in "FresHealth" target */,
			);
			path = FresHealth;
			sourceTree = "<group>";
		};
		047E886F2D0D5F9D001E8F6A /* FresHealthTests */ = {
			isa = PBXFileSystemSynchronizedRootGroup;
			path = FresHealthTests;
			sourceTree = "<group>";
		};
		047E88792D0D5F9D001E8F6A /* FresHealthUITests */ = {
			isa = PBXFileSystemSynchronizedRootGroup;
			path = FresHealthUITests;
			sourceTree = "<group>";
		};
/* End PBXFileSystemSynchronizedRootGroup section */

/* Begin PBXFrameworksBuildPhase section */
		047E88592D0D5F9C001E8F6A /* Frameworks */ = {
			isa = PBXFrameworksBuildPhase;
			buildActionMask = 2147483647;
			files = (
				041737D22D5D861B009425BF /* SQLite in Frameworks */,
				041737CD2D5D8148009425BF /* Alamofire in Frameworks */,
				0418D2CB2D5D7F1800654690 /* Alamofire in Frameworks */,
			);
			runOnlyForDeploymentPostprocessing = 0;
		};
		047E88692D0D5F9D001E8F6A /* Frameworks */ = {
			isa = PBXFrameworksBuildPhase;
			buildActionMask = 2147483647;
			files = (
			);
			runOnlyForDeploymentPostprocessing = 0;
		};
		047E88732D0D5F9D001E8F6A /* Frameworks */ = {
			isa = PBXFrameworksBuildPhase;
			buildActionMask = 2147483647;
			files = (
			);
			runOnlyForDeploymentPostprocessing = 0;
		};
/* End PBXFrameworksBuildPhase section */

/* Begin PBXGroup section */
		047E88532D0D5F9C001E8F6A = {
			isa = PBXGroup;
			children = (
				047E885E2D0D5F9C001E8F6A /* FresHealth */,
				047E886F2D0D5F9D001E8F6A /* FresHealthTests */,
				047E88792D0D5F9D001E8F6A /* FresHealthUITests */,
				047E885D2D0D5F9C001E8F6A /* Products */,
			);
			sourceTree = "<group>";
		};
		047E885D2D0D5F9C001E8F6A /* Products */ = {
			isa = PBXGroup;
			children = (
				047E885C2D0D5F9C001E8F6A /* FresHealth.app */,
				047E886C2D0D5F9D001E8F6A /* FresHealthTests.xctest */,
				047E88762D0D5F9D001E8F6A /* FresHealthUITests.xctest */,
			);
			name = Products;
			sourceTree = "<group>";
		};
/* End PBXGroup section */

/* Begin PBXNativeTarget section */
		047E885B2D0D5F9C001E8F6A /* FresHealth */ = {
			isa = PBXNativeTarget;
			buildConfigurationList = 047E88802D0D5F9D001E8F6A /* Build configuration list for PBXNativeTarget "FresHealth" */;
			buildPhases = (
				047E88582D0D5F9C001E8F6A /* Sources */,
				047E88592D0D5F9C001E8F6A /* Frameworks */,
				047E885A2D0D5F9C001E8F6A /* Resources */,
			);
			buildRules = (
			);
			dependencies = (
			);
			fileSystemSynchronizedGroups = (
				047E885E2D0D5F9C001E8F6A /* FresHealth */,
			);
			name = FresHealth;
			packageProductDependencies = (
				0418D2CA2D5D7F1800654690 /* Alamofire */,
				041737CC2D5D8148009425BF /* Alamofire */,
				041737D12D5D861B009425BF /* SQLite */,
			);
			productName = FresHealth;
			productReference = 047E885C2D0D5F9C001E8F6A /* FresHealth.app */;
			productType = "com.apple.product-type.application";
		};
		047E886B2D0D5F9D001E8F6A /* FresHealthTests */ = {
			isa = PBXNativeTarget;
			buildConfigurationList = 047E88832D0D5F9D001E8F6A /* Build configuration list for PBXNativeTarget "FresHealthTests" */;
			buildPhases = (
				047E88682D0D5F9D001E8F6A /* Sources */,
				047E88692D0D5F9D001E8F6A /* Frameworks */,
				047E886A2D0D5F9D001E8F6A /* Resources */,
			);
			buildRules = (
			);
			dependencies = (
				047E886E2D0D5F9D001E8F6A /* PBXTargetDependency */,
			);
			fileSystemSynchronizedGroups = (
				047E886F2D0D5F9D001E8F6A /* FresHealthTests */,
			);
			name = FresHealthTests;
			packageProductDependencies = (
			);
			productName = FresHealthTests;
			productReference = 047E886C2D0D5F9D001E8F6A /* FresHealthTests.xctest */;
			productType = "com.apple.product-type.bundle.unit-test";
		};
		047E88752D0D5F9D001E8F6A /* FresHealthUITests */ = {
			isa = PBXNativeTarget;
			buildConfigurationList = 047E88862D0D5F9D001E8F6A /* Build configuration list for PBXNativeTarget "FresHealthUITests" */;
			buildPhases = (
				047E88722D0D5F9D001E8F6A /* Sources */,
				047E88732D0D5F9D001E8F6A /* Frameworks */,
				047E88742D0D5F9D001E8F6A /* Resources */,
			);
			buildRules = (
			);
			dependencies = (
				047E88782D0D5F9D001E8F6A /* PBXTargetDependency */,
			);
			fileSystemSynchronizedGroups = (
				047E88792D0D5F9D001E8F6A /* FresHealthUITests */,
			);
			name = FresHealthUITests;
			packageProductDependencies = (
			);
			productName = FresHealthUITests;
			productReference = 047E88762D0D5F9D001E8F6A /* FresHealthUITests.xctest */;
			productType = "com.apple.product-type.bundle.ui-testing";
		};
/* End PBXNativeTarget section */

/* Begin PBXProject section */
		047E88542D0D5F9C001E8F6A /* Project object */ = {
			isa = PBXProject;
			attributes = {
				BuildIndependentTargetsInParallel = 1;
				LastSwiftUpdateCheck = 1610;
				LastUpgradeCheck = 1610;
				TargetAttributes = {
					047E885B2D0D5F9C001E8F6A = {
						CreatedOnToolsVersion = 16.1;
					};
					047E886B2D0D5F9D001E8F6A = {
						CreatedOnToolsVersion = 16.1;
						TestTargetID = 047E885B2D0D5F9C001E8F6A;
					};
					047E88752D0D5F9D001E8F6A = {
						CreatedOnToolsVersion = 16.1;
						TestTargetID = 047E885B2D0D5F9C001E8F6A;
					};
				};
			};
			buildConfigurationList = 047E88572D0D5F9C001E8F6A /* Build configuration list for PBXProject "FresHealth" */;
			developmentRegion = en;
			hasScannedForEncodings = 0;
			knownRegions = (
				en,
				Base,
				"zh-Hans",
				"zh-HK",
			);
			mainGroup = 047E88532D0D5F9C001E8F6A;
			minimizedProjectReferenceProxies = 1;
			packageReferences = (
				041737CB2D5D8148009425BF /* XCLocalSwiftPackageReference "../../Documents/Alamofire" */,
				041737D02D5D861B009425BF /* XCLocalSwiftPackageReference "../../Documents/SQLite" */,
			);
			preferredProjectObjectVersion = 77;
			productRefGroup = 047E885D2D0D5F9C001E8F6A /* Products */;
			projectDirPath = "";
			projectRoot = "";
			targets = (
				047E885B2D0D5F9C001E8F6A /* FresHealth */,
				047E886B2D0D5F9D001E8F6A /* FresHealthTests */,
				047E88752D0D5F9D001E8F6A /* FresHealthUITests */,
			);
		};
/* End PBXProject section */

/* Begin PBXResourcesBuildPhase section */
		047E885A2D0D5F9C001E8F6A /* Resources */ = {
			isa = PBXResourcesBuildPhase;
			buildActionMask = 2147483647;
			files = (
			);
			runOnlyForDeploymentPostprocessing = 0;
		};
		047E886A2D0D5F9D001E8F6A /* Resources */ = {
			isa = PBXResourcesBuildPhase;
			buildActionMask = 2147483647;
			files = (
			);
			runOnlyForDeploymentPostprocessing = 0;
		};
		047E88742D0D5F9D001E8F6A /* Resources */ = {
			isa = PBXResourcesBuildPhase;
			buildActionMask = 2147483647;
			files = (
			);
			runOnlyForDeploymentPostprocessing = 0;
		};
/* End PBXResourcesBuildPhase section */

/* Begin PBXSourcesBuildPhase section */
		047E88582D0D5F9C001E8F6A /* Sources */ = {
			isa = PBXSourcesBuildPhase;
			buildActionMask = 2147483647;
			files = (
			);
			runOnlyForDeploymentPostprocessing = 0;
		};
		047E88682D0D5F9D001E8F6A /* Sources */ = {
			isa = PBXSourcesBuildPhase;
			buildActionMask = 2147483647;
			files = (
			);
			runOnlyForDeploymentPostprocessing = 0;
		};
		047E88722D0D5F9D001E8F6A /* Sources */ = {
			isa = PBXSourcesBuildPhase;
			buildActionMask = 2147483647;
			files = (
			);
			runOnlyForDeploymentPostprocessing = 0;
		};
/* End PBXSourcesBuildPhase section */

/* Begin PBXTargetDependency section */
		047E886E2D0D5F9D001E8F6A /* PBXTargetDependency */ = {
			isa = PBXTargetDependency;
			target = 047E885B2D0D5F9C001E8F6A /* FresHealth */;
			targetProxy = 047E886D2D0D5F9D001E8F6A /* PBXContainerItemProxy */;
		};
		047E88782D0D5F9D001E8F6A /* PBXTargetDependency */ = {
			isa = PBXTargetDependency;
			target = 047E885B2D0D5F9C001E8F6A /* FresHealth */;
			targetProxy = 047E88772D0D5F9D001E8F6A /* PBXContainerItemProxy */;
		};
/* End PBXTargetDependency section */

/* Begin XCBuildConfiguration section */
		047E887E2D0D5F9D001E8F6A /* Debug */ = {
			isa = XCBuildConfiguration;
			buildSettings = {
				ALWAYS_SEARCH_USER_PATHS = NO;
				ASSETCATALOG_COMPILER_GENERATE_SWIFT_ASSET_SYMBOL_EXTENSIONS = YES;
				CLANG_ANALYZER_NONNULL = YES;
				CLANG_ANALYZER_NUMBER_OBJECT_CONVERSION = YES_AGGRESSIVE;
				CLANG_CXX_LANGUAGE_STANDARD = "gnu++20";
				CLANG_ENABLE_MODULES = YES;
				CLANG_ENABLE_OBJC_ARC = YES;
				CLANG_ENABLE_OBJC_WEAK = YES;
				CLANG_WARN_BLOCK_CAPTURE_AUTORELEASING = YES;
				CLANG_WARN_BOOL_CONVERSION = YES;
				CLANG_WARN_COMMA = YES;
				CLANG_WARN_CONSTANT_CONVERSION = YES;
				CLANG_WARN_DEPRECATED_OBJC_IMPLEMENTATIONS = YES;
				CLANG_WARN_DIRECT_OBJC_ISA_USAGE = YES_ERROR;
				CLANG_WARN_DOCUMENTATION_COMMENTS = YES;
				CLANG_WARN_EMPTY_BODY = YES;
				CLANG_WARN_ENUM_CONVERSION = YES;
				CLANG_WARN_INFINITE_RECURSION = YES;
				CLANG_WARN_INT_CONVERSION = YES;
				CLANG_WARN_NON_LITERAL_NULL_CONVERSION = YES;
				CLANG_WARN_OBJC_IMPLICIT_RETAIN_SELF = YES;
				CLANG_WARN_OBJC_LITERAL_CONVERSION = YES;
				CLANG_WARN_OBJC_ROOT_CLASS = YES_ERROR;
				CLANG_WARN_QUOTED_INCLUDE_IN_FRAMEWORK_HEADER = YES;
				CLANG_WARN_RANGE_LOOP_ANALYSIS = YES;
				CLANG_WARN_STRICT_PROTOTYPES = YES;
				CLANG_WARN_SUSPICIOUS_MOVE = YES;
				CLANG_WARN_UNGUARDED_AVAILABILITY = YES_AGGRESSIVE;
				CLANG_WARN_UNREACHABLE_CODE = YES;
				CLANG_WARN__DUPLICATE_METHOD_MATCH = YES;
				COPY_PHASE_STRIP = NO;
				DEBUG_INFORMATION_FORMAT = dwarf;
				ENABLE_STRICT_OBJC_MSGSEND = YES;
				ENABLE_TESTABILITY = YES;
				ENABLE_USER_SCRIPT_SANDBOXING = YES;
				GCC_C_LANGUAGE_STANDARD = gnu17;
				GCC_DYNAMIC_NO_PIC = NO;
				GCC_NO_COMMON_BLOCKS = YES;
				GCC_OPTIMIZATION_LEVEL = 0;
				GCC_PREPROCESSOR_DEFINITIONS = (
					"DEBUG=1",
					"$(inherited)",
				);
				GCC_WARN_64_TO_32_BIT_CONVERSION = YES;
				GCC_WARN_ABOUT_RETURN_TYPE = YES_ERROR;
				GCC_WARN_UNDECLARED_SELECTOR = YES;
				GCC_WARN_UNINITIALIZED_AUTOS = YES_AGGRESSIVE;
				GCC_WARN_UNUSED_FUNCTION = YES;
				GCC_WARN_UNUSED_VARIABLE = YES;
				IPHONEOS_DEPLOYMENT_TARGET = 18.1;
				LOCALIZATION_PREFERS_STRING_CATALOGS = YES;
				MTL_ENABLE_DEBUG_INFO = INCLUDE_SOURCE;
				MTL_FAST_MATH = YES;
				ONLY_ACTIVE_ARCH = YES;
				SDKROOT = iphoneos;
				SWIFT_ACTIVE_COMPILATION_CONDITIONS = "DEBUG $(inherited)";
				SWIFT_OPTIMIZATION_LEVEL = "-Onone";
			};
			name = Debug;
		};
		047E887F2D0D5F9D001E8F6A /* Release */ = {
			isa = XCBuildConfiguration;
			buildSettings = {
				ALWAYS_SEARCH_USER_PATHS = NO;
				ASSETCATALOG_COMPILER_GENERATE_SWIFT_ASSET_SYMBOL_EXTENSIONS = YES;
				CLANG_ANALYZER_NONNULL = YES;
				CLANG_ANALYZER_NUMBER_OBJECT_CONVERSION = YES_AGGRESSIVE;
				CLANG_CXX_LANGUAGE_STANDARD = "gnu++20";
				CLANG_ENABLE_MODULES = YES;
				CLANG_ENABLE_OBJC_ARC = YES;
				CLANG_ENABLE_OBJC_WEAK = YES;
				CLANG_WARN_BLOCK_CAPTURE_AUTORELEASING = YES;
				CLANG_WARN_BOOL_CONVERSION = YES;
				CLANG_WARN_COMMA = YES;
				CLANG_WARN_CONSTANT_CONVERSION = YES;
				CLANG_WARN_DEPRECATED_OBJC_IMPLEMENTATIONS = YES;
				CLANG_WARN_DIRECT_OBJC_ISA_USAGE = YES_ERROR;
				CLANG_WARN_DOCUMENTATION_COMMENTS = YES;
				CLANG_WARN_EMPTY_BODY = YES;
				CLANG_WARN_ENUM_CONVERSION = YES;
				CLANG_WARN_INFINITE_RECURSION = YES;
				CLANG_WARN_INT_CONVERSION = YES;
				CLANG_WARN_NON_LITERAL_NULL_CONVERSION = YES;
				CLANG_WARN_OBJC_IMPLICIT_RETAIN_SELF = YES;
				CLANG_WARN_OBJC_LITERAL_CONVERSION = YES;
				CLANG_WARN_OBJC_ROOT_CLASS = YES_ERROR;
				CLANG_WARN_QUOTED_INCLUDE_IN_FRAMEWORK_HEADER = YES;
				CLANG_WARN_RANGE_LOOP_ANALYSIS = YES;
				CLANG_WARN_STRICT_PROTOTYPES = YES;
				CLANG_WARN_SUSPICIOUS_MOVE = YES;
				CLANG_WARN_UNGUARDED_AVAILABILITY = YES_AGGRESSIVE;
				CLANG_WARN_UNREACHABLE_CODE = YES;
				CLANG_WARN__DUPLICATE_METHOD_MATCH = YES;
				COPY_PHASE_STRIP = NO;
				DEBUG_INFORMATION_FORMAT = "dwarf-with-dsym";
				ENABLE_NS_ASSERTIONS = NO;
				ENABLE_STRICT_OBJC_MSGSEND = YES;
				ENABLE_USER_SCRIPT_SANDBOXING = YES;
				GCC_C_LANGUAGE_STANDARD = gnu17;
				GCC_NO_COMMON_BLOCKS = YES;
				GCC_WARN_64_TO_32_BIT_CONVERSION = YES;
				GCC_WARN_ABOUT_RETURN_TYPE = YES_ERROR;
				GCC_WARN_UNDECLARED_SELECTOR = YES;
				GCC_WARN_UNINITIALIZED_AUTOS = YES_AGGRESSIVE;
				GCC_WARN_UNUSED_FUNCTION = YES;
				GCC_WARN_UNUSED_VARIABLE = YES;
				IPHONEOS_DEPLOYMENT_TARGET = 18.1;
				LOCALIZATION_PREFERS_STRING_CATALOGS = YES;
				MTL_ENABLE_DEBUG_INFO = NO;
				MTL_FAST_MATH = YES;
				SDKROOT = iphoneos;
				SWIFT_COMPILATION_MODE = wholemodule;
				VALIDATE_PRODUCT = YES;
			};
			name = Release;
		};
		047E88812D0D5F9D001E8F6A /* Debug */ = {
			isa = XCBuildConfiguration;
			buildSettings = {
				ASSETCATALOG_COMPILER_APPICON_NAME = AppIcon;
				ASSETCATALOG_COMPILER_GLOBAL_ACCENT_COLOR_NAME = AccentColor;
				CODE_SIGN_STYLE = Automatic;
				CURRENT_PROJECT_VERSION = 1;
				DEVELOPMENT_ASSET_PATHS = "\"FresHealth/Preview Content\"";
				DEVELOPMENT_TEAM = DJ4W6A5ATR;
				ENABLE_PREVIEWS = YES;
				GENERATE_INFOPLIST_FILE = YES;
				INFOPLIST_FILE = FresHealth/Info.plist;
				INFOPLIST_KEY_UIApplicationSceneManifest_Generation = YES;
				INFOPLIST_KEY_UIApplicationSupportsIndirectInputEvents = YES;
				INFOPLIST_KEY_UILaunchScreen_Generation = YES;
				INFOPLIST_KEY_UISupportedInterfaceOrientations_iPad = "UIInterfaceOrientationPortrait UIInterfaceOrientationPortraitUpsideDown UIInterfaceOrientationLandscapeLeft UIInterfaceOrientationLandscapeRight";
				INFOPLIST_KEY_UISupportedInterfaceOrientations_iPhone = "UIInterfaceOrientationPortrait UIInterfaceOrientationLandscapeLeft UIInterfaceOrientationLandscapeRight";
				LD_RUNPATH_SEARCH_PATHS = (
					"$(inherited)",
					"@executable_path/Frameworks",
				);
				MARKETING_VERSION = 1.0;
				PRODUCT_BUNDLE_IDENTIFIER = com.liangsiuyin.FresHealth;
				PRODUCT_NAME = "$(TARGET_NAME)";
				SWIFT_EMIT_LOC_STRINGS = YES;
				SWIFT_VERSION = 5.0;
				TARGETED_DEVICE_FAMILY = 1;
			};
			name = Debug;
		};
		047E88822D0D5F9D001E8F6A /* Release */ = {
			isa = XCBuildConfiguration;
			buildSettings = {
				ASSETCATALOG_COMPILER_APPICON_NAME = AppIcon;
				ASSETCATALOG_COMPILER_GLOBAL_ACCENT_COLOR_NAME = AccentColor;
				CODE_SIGN_STYLE = Automatic;
				CURRENT_PROJECT_VERSION = 1;
				DEVELOPMENT_ASSET_PATHS = "\"FresHealth/Preview Content\"";
				DEVELOPMENT_TEAM = DJ4W6A5ATR;
				ENABLE_PREVIEWS = YES;
				GENERATE_INFOPLIST_FILE = YES;
				INFOPLIST_FILE = FresHealth/Info.plist;
				INFOPLIST_KEY_UIApplicationSceneManifest_Generation = YES;
				INFOPLIST_KEY_UIApplicationSupportsIndirectInputEvents = YES;
				INFOPLIST_KEY_UILaunchScreen_Generation = YES;
				INFOPLIST_KEY_UISupportedInterfaceOrientations_iPad = "UIInterfaceOrientationPortrait UIInterfaceOrientationPortraitUpsideDown UIInterfaceOrientationLandscapeLeft UIInterfaceOrientationLandscapeRight";
				INFOPLIST_KEY_UISupportedInterfaceOrientations_iPhone = "UIInterfaceOrientationPortrait UIInterfaceOrientationLandscapeLeft UIInterfaceOrientationLandscapeRight";
				LD_RUNPATH_SEARCH_PATHS = (
					"$(inherited)",
					"@executable_path/Frameworks",
				);
				MARKETING_VERSION = 1.0;
				PRODUCT_BUNDLE_IDENTIFIER = com.liangsiuyin.FresHealth;
				PRODUCT_NAME = "$(TARGET_NAME)";
				SWIFT_EMIT_LOC_STRINGS = YES;
				SWIFT_VERSION = 5.0;
				TARGETED_DEVICE_FAMILY = 1;
			};
			name = Release;
		};
		047E88842D0D5F9D001E8F6A /* Debug */ = {
			isa = XCBuildConfiguration;
			buildSettings = {
				BUNDLE_LOADER = "$(TEST_HOST)";
				CODE_SIGN_STYLE = Automatic;
				CURRENT_PROJECT_VERSION = 1;
				DEVELOPMENT_TEAM = DJ4W6A5ATR;
				GENERATE_INFOPLIST_FILE = YES;
				IPHONEOS_DEPLOYMENT_TARGET = 18.1;
				MARKETING_VERSION = 1.0;
				PRODUCT_BUNDLE_IDENTIFIER = com.liangsiuyin.FresHealthTests;
				PRODUCT_NAME = "$(TARGET_NAME)";
				SWIFT_EMIT_LOC_STRINGS = NO;
				SWIFT_VERSION = 5.0;
				TARGETED_DEVICE_FAMILY = "1,2";
				TEST_HOST = "$(BUILT_PRODUCTS_DIR)/FresHealth.app/$(BUNDLE_EXECUTABLE_FOLDER_PATH)/FresHealth";
			};
			name = Debug;
		};
		047E88852D0D5F9D001E8F6A /* Release */ = {
			isa = XCBuildConfiguration;
			buildSettings = {
				BUNDLE_LOADER = "$(TEST_HOST)";
				CODE_SIGN_STYLE = Automatic;
				CURRENT_PROJECT_VERSION = 1;
				DEVELOPMENT_TEAM = DJ4W6A5ATR;
				GENERATE_INFOPLIST_FILE = YES;
				IPHONEOS_DEPLOYMENT_TARGET = 18.1;
				MARKETING_VERSION = 1.0;
				PRODUCT_BUNDLE_IDENTIFIER = com.liangsiuyin.FresHealthTests;
				PRODUCT_NAME = "$(TARGET_NAME)";
				SWIFT_EMIT_LOC_STRINGS = NO;
				SWIFT_VERSION = 5.0;
				TARGETED_DEVICE_FAMILY = "1,2";
				TEST_HOST = "$(BUILT_PRODUCTS_DIR)/FresHealth.app/$(BUNDLE_EXECUTABLE_FOLDER_PATH)/FresHealth";
			};
			name = Release;
		};
		047E88872D0D5F9D001E8F6A /* Debug */ = {
			isa = XCBuildConfiguration;
			buildSettings = {
				CODE_SIGN_STYLE = Automatic;
				CURRENT_PROJECT_VERSION = 1;
				DEVELOPMENT_TEAM = DJ4W6A5ATR;
				GENERATE_INFOPLIST_FILE = YES;
				MARKETING_VERSION = 1.0;
				PRODUCT_BUNDLE_IDENTIFIER = com.liangsiuyin.FresHealthUITests;
				PRODUCT_NAME = "$(TARGET_NAME)";
				SWIFT_EMIT_LOC_STRINGS = NO;
				SWIFT_VERSION = 5.0;
				TARGETED_DEVICE_FAMILY = "1,2";
				TEST_TARGET_NAME = FresHealth;
			};
			name = Debug;
		};
		047E88882D0D5F9D001E8F6A /* Release */ = {
			isa = XCBuildConfiguration;
			buildSettings = {
				CODE_SIGN_STYLE = Automatic;
				CURRENT_PROJECT_VERSION = 1;
				DEVELOPMENT_TEAM = DJ4W6A5ATR;
				GENERATE_INFOPLIST_FILE = YES;
				MARKETING_VERSION = 1.0;
				PRODUCT_BUNDLE_IDENTIFIER = com.liangsiuyin.FresHealthUITests;
				PRODUCT_NAME = "$(TARGET_NAME)";
				SWIFT_EMIT_LOC_STRINGS = NO;
				SWIFT_VERSION = 5.0;
				TARGETED_DEVICE_FAMILY = "1,2";
				TEST_TARGET_NAME = FresHealth;
			};
			name = Release;
		};
/* End XCBuildConfiguration section */

/* Begin XCConfigurationList section */
		047E88572D0D5F9C001E8F6A /* Build configuration list for PBXProject "FresHealth" */ = {
			isa = XCConfigurationList;
			buildConfigurations = (
				047E887E2D0D5F9D001E8F6A /* Debug */,
				047E887F2D0D5F9D001E8F6A /* Release */,
			);
			defaultConfigurationIsVisible = 0;
			defaultConfigurationName = Release;
		};
		047E88802D0D5F9D001E8F6A /* Build configuration list for PBXNativeTarget "FresHealth" */ = {
			isa = XCConfigurationList;
			buildConfigurations = (
				047E88812D0D5F9D001E8F6A /* Debug */,
				047E88822D0D5F9D001E8F6A /* Release */,
			);
			defaultConfigurationIsVisible = 0;
			defaultConfigurationName = Release;
		};
		047E88832D0D5F9D001E8F6A /* Build configuration list for PBXNativeTarget "FresHealthTests" */ = {
			isa = XCConfigurationList;
			buildConfigurations = (
				047E88842D0D5F9D001E8F6A /* Debug */,
				047E88852D0D5F9D001E8F6A /* Release */,
			);
			defaultConfigurationIsVisible = 0;
			defaultConfigurationName = Release;
		};
		047E88862D0D5F9D001E8F6A /* Build configuration list for PBXNativeTarget "FresHealthUITests" */ = {
			isa = XCConfigurationList;
			buildConfigurations = (
				047E88872D0D5F9D001E8F6A /* Debug */,
				047E88882D0D5F9D001E8F6A /* Release */,
			);
			defaultConfigurationIsVisible = 0;
			defaultConfigurationName = Release;
		};
/* End XCConfigurationList section */

/* Begin XCLocalSwiftPackageReference section */
		041737CB2D5D8148009425BF /* XCLocalSwiftPackageReference "../../Documents/Alamofire" */ = {
			isa = XCLocalSwiftPackageReference;
			relativePath = ../../Documents/Alamofire;
		};
		041737D02D5D861B009425BF /* XCLocalSwiftPackageReference "../../Documents/SQLite" */ = {
			isa = XCLocalSwiftPackageReference;
			relativePath = ../../Documents/SQLite;
		};
/* End XCLocalSwiftPackageReference section */

/* Begin XCSwiftPackageProductDependency section */
		041737CC2D5D8148009425BF /* Alamofire */ = {
			isa = XCSwiftPackageProductDependency;
			productName = Alamofire;
		};
		041737D12D5D861B009425BF /* SQLite */ = {
			isa = XCSwiftPackageProductDependency;
			productName = SQLite;
		};
		0418D2CA2D5D7F1800654690 /* Alamofire */ = {
			isa = XCSwiftPackageProductDependency;
			productName = Alamofire;
		};
/* End XCSwiftPackageProductDependency section */
	};
	rootObject = 047E88542D0D5F9C001E8F6A /* Project object */;
}
